
Microsoft Visual Studio Solution File, Format Version 12.00
# Visual Studio 2015
Project("{FAE04EC0-301F-11D3-BF4B-00C04F79EFBC}") = "ScatterVR", "ScatterVR.csproj", "{DCD35ED6-F8A3-0064-C6D9-899B4063E2D0}"
EndProject
Project("{FAE04EC0-301F-11D3-BF4B-00C04F79EFBC}") = "ScatterVR.Plugins", "ScatterVR.Plugins.csproj", "{28F259F0-05C5-D5AB-1EEC-AF5931C79026}"
EndProject
Project("{FAE04EC0-301F-11D3-BF4B-00C04F79EFBC}") = "ScatterVR.Editor", "ScatterVR.Editor.csproj", "{C53C2405-04A8-F1D9-6D15-EBC396188EF7}"
EndProject
Global
	GlobalSection(SolutionConfigurationPlatforms) = preSolution
		Debug|Any CPU = Debug|Any CPU
		Release|Any CPU = Release|Any CPU
	EndGlobalSection
	GlobalSection(ProjectConfigurationPlatforms) = postSolution
		{DCD35ED6-F8A3-0064-C6D9-899B4063E2D0}.Debug|Any CPU.ActiveCfg = Debug|Any CPU
		{DCD35ED6-F8A3-0064-C6D9-899B4063E2D0}.Debug|Any CPU.Build.0 = Debug|Any CPU
		{DCD35ED6-F8A3-0064-C6D9-899B4063E2D0}.Release|Any CPU.ActiveCfg = Release|Any CPU
		{DCD35ED6-F8A3-0064-C6D9-899B4063E2D0}.Release|Any CPU.Build.0 = Release|Any CPU
		{28F259F0-05C5-D5AB-1EEC-AF5931C79026}.Debug|Any CPU.ActiveCfg = Debug|Any CPU
		{28F259F0-05C5-D5AB-1EEC-AF5931C79026}.Debug|Any CPU.Build.0 = Debug|Any CPU
		{28F259F0-05C5-D5AB-1EEC-AF5931C79026}.Release|Any CPU.ActiveCfg = Release|Any CPU
		{28F259F0-05C5-D5AB-1EEC-AF5931C79026}.Release|Any CPU.Build.0 = Release|Any CPU
		{C53C2405-04A8-F1D9-6D15-EBC396188EF7}.Debug|Any CPU.ActiveCfg = Debug|Any CPU
		{C53C2405-04A8-F1D9-6D15-EBC396188EF7}.Debug|Any CPU.Build.0 = Debug|Any CPU
		{C53C2405-04A8-F1D9-6D15-EBC396188EF7}.Release|Any CPU.ActiveCfg = Release|Any CPU
		{C53C2405-04A8-F1D9-6D15-EBC396188EF7}.Release|Any CPU.Build.0 = Release|Any CPU
	EndGlobalSection
	GlobalSection(SolutionProperties) = preSolution
		HideSolutionNode = FALSE
	EndGlobalSection
EndGlobal
